
Microsoft Visual Studio Solution File, Format Version 12.00
# Visual Studio Version 17
VisualStudioVersion = 17.8.34408.163
MinimumVisualStudioVersion = 10.0.40219.1
Project("{9A19103F-16F7-4668-BE54-9A1E7A4F7556}") = "ugoAPI", "ugoAPI\ugoAPI.csproj", "{3959F769-5CF8-4801-8C11-3DAC201D355C}"
EndProject
Project("{2150E333-8FDC-42A3-9474-1A3956D46DE8}") = "Core", "Core", "{21DA2416-1277-4155-B5C1-ABFF60B60D16}"
EndProject
Project("{2150E333-8FDC-42A3-9474-1A3956D46DE8}") = "DataAccess", "DataAccess", "{83D7C062-36F1-4C5C-A436-25B50C2C9158}"
EndProject
Project("{2150E333-8FDC-42A3-9474-1A3956D46DE8}") = "API", "API", "{BB735980-8A1F-43D1-9E66-35501CBD6A5D}"
EndProject
Project("{9A19103F-16F7-4668-BE54-9A1E7A4F7556}") = "DataConnection", "DataConnection\DataConnection.csproj", "{D00CB507-0D27-467D-A1AB-B3864EE41AB3}"
EndProject
Project("{9A19103F-16F7-4668-BE54-9A1E7A4F7556}") = "UGO.DataAcces", "ugo.DataAcces\UGO.DataAcces.csproj", "{553EBEFE-8F8E-4099-B0CD-E37327513D91}"
EndProject
Project("{9A19103F-16F7-4668-BE54-9A1E7A4F7556}") = "UGO.DataAccess.Implementation", "UGO.DataAccess.Implementation\UGO.DataAccess.Implementation.csproj", "{037D58D8-F883-4D3E-A419-76F5C4D76741}"
EndProject
Project("{2150E333-8FDC-42A3-9474-1A3956D46DE8}") = "Service", "Service", "{ADBECBC9-152E-45E5-9956-29E5DB1A078E}"
EndProject
Project("{9A19103F-16F7-4668-BE54-9A1E7A4F7556}") = "UGO.Service", "UGO.Service\UGO.Service.csproj", "{4838FEA9-505A-440B-B872-994BA0FD09B8}"
EndProject
Project("{9A19103F-16F7-4668-BE54-9A1E7A4F7556}") = "UGO.Service.Implementation", "UGO.Service.Implementation\UGO.Service.Implementation.csproj", "{8453CA75-38C5-475A-8736-2C49303130A3}"
EndProject
Project("{2150E333-8FDC-42A3-9474-1A3956D46DE8}") = "Models", "Models", "{645B92B7-E323-41A3-AC10-9714D6072D11}"
EndProject
Project("{9A19103F-16F7-4668-BE54-9A1E7A4F7556}") = "UGO.Models", "UGO.Models\UGO.Models.csproj", "{35B58EBC-DDE9-4E55-AA38-9552310EE5D0}"
EndProject
Global
	GlobalSection(SolutionConfigurationPlatforms) = preSolution
		Debug|Any CPU = Debug|Any CPU
		Release|Any CPU = Release|Any CPU
	EndGlobalSection
	GlobalSection(ProjectConfigurationPlatforms) = postSolution
		{3959F769-5CF8-4801-8C11-3DAC201D355C}.Debug|Any CPU.ActiveCfg = Debug|Any CPU
		{3959F769-5CF8-4801-8C11-3DAC201D355C}.Debug|Any CPU.Build.0 = Debug|Any CPU
		{3959F769-5CF8-4801-8C11-3DAC201D355C}.Release|Any CPU.ActiveCfg = Release|Any CPU
		{3959F769-5CF8-4801-8C11-3DAC201D355C}.Release|Any CPU.Build.0 = Release|Any CPU
		{D00CB507-0D27-467D-A1AB-B3864EE41AB3}.Debug|Any CPU.ActiveCfg = Debug|Any CPU
		{D00CB507-0D27-467D-A1AB-B3864EE41AB3}.Debug|Any CPU.Build.0 = Debug|Any CPU
		{D00CB507-0D27-467D-A1AB-B3864EE41AB3}.Release|Any CPU.ActiveCfg = Release|Any CPU
		{D00CB507-0D27-467D-A1AB-B3864EE41AB3}.Release|Any CPU.Build.0 = Release|Any CPU
		{553EBEFE-8F8E-4099-B0CD-E37327513D91}.Debug|Any CPU.ActiveCfg = Debug|Any CPU
		{553EBEFE-8F8E-4099-B0CD-E37327513D91}.Debug|Any CPU.Build.0 = Debug|Any CPU
		{553EBEFE-8F8E-4099-B0CD-E37327513D91}.Release|Any CPU.ActiveCfg = Release|Any CPU
		{553EBEFE-8F8E-4099-B0CD-E37327513D91}.Release|Any CPU.Build.0 = Release|Any CPU
		{037D58D8-F883-4D3E-A419-76F5C4D76741}.Debug|Any CPU.ActiveCfg = Debug|Any CPU
		{037D58D8-F883-4D3E-A419-76F5C4D76741}.Debug|Any CPU.Build.0 = Debug|Any CPU
		{037D58D8-F883-4D3E-A419-76F5C4D76741}.Release|Any CPU.ActiveCfg = Release|Any CPU
		{037D58D8-F883-4D3E-A419-76F5C4D76741}.Release|Any CPU.Build.0 = Release|Any CPU
		{4838FEA9-505A-440B-B872-994BA0FD09B8}.Debug|Any CPU.ActiveCfg = Debug|Any CPU
		{4838FEA9-505A-440B-B872-994BA0FD09B8}.Debug|Any CPU.Build.0 = Debug|Any CPU
		{4838FEA9-505A-440B-B872-994BA0FD09B8}.Release|Any CPU.ActiveCfg = Release|Any CPU
		{4838FEA9-505A-440B-B872-994BA0FD09B8}.Release|Any CPU.Build.0 = Release|Any CPU
		{8453CA75-38C5-475A-8736-2C49303130A3}.Debug|Any CPU.ActiveCfg = Debug|Any CPU
		{8453CA75-38C5-475A-8736-2C49303130A3}.Debug|Any CPU.Build.0 = Debug|Any CPU
		{8453CA75-38C5-475A-8736-2C49303130A3}.Release|Any CPU.ActiveCfg = Release|Any CPU
		{8453CA75-38C5-475A-8736-2C49303130A3}.Release|Any CPU.Build.0 = Release|Any CPU
		{35B58EBC-DDE9-4E55-AA38-9552310EE5D0}.Debug|Any CPU.ActiveCfg = Debug|Any CPU
		{35B58EBC-DDE9-4E55-AA38-9552310EE5D0}.Debug|Any CPU.Build.0 = Debug|Any CPU
		{35B58EBC-DDE9-4E55-AA38-9552310EE5D0}.Release|Any CPU.ActiveCfg = Release|Any CPU
		{35B58EBC-DDE9-4E55-AA38-9552310EE5D0}.Release|Any CPU.Build.0 = Release|Any CPU
	EndGlobalSection
	GlobalSection(SolutionProperties) = preSolution
		HideSolutionNode = FALSE
	EndGlobalSection
	GlobalSection(NestedProjects) = preSolution
		{3959F769-5CF8-4801-8C11-3DAC201D355C} = {BB735980-8A1F-43D1-9E66-35501CBD6A5D}
		{83D7C062-36F1-4C5C-A436-25B50C2C9158} = {21DA2416-1277-4155-B5C1-ABFF60B60D16}
		{D00CB507-0D27-467D-A1AB-B3864EE41AB3} = {83D7C062-36F1-4C5C-A436-25B50C2C9158}
		{553EBEFE-8F8E-4099-B0CD-E37327513D91} = {83D7C062-36F1-4C5C-A436-25B50C2C9158}
		{037D58D8-F883-4D3E-A419-76F5C4D76741} = {83D7C062-36F1-4C5C-A436-25B50C2C9158}
		{ADBECBC9-152E-45E5-9956-29E5DB1A078E} = {21DA2416-1277-4155-B5C1-ABFF60B60D16}
		{4838FEA9-505A-440B-B872-994BA0FD09B8} = {ADBECBC9-152E-45E5-9956-29E5DB1A078E}
		{8453CA75-38C5-475A-8736-2C49303130A3} = {ADBECBC9-152E-45E5-9956-29E5DB1A078E}
		{645B92B7-E323-41A3-AC10-9714D6072D11} = {21DA2416-1277-4155-B5C1-ABFF60B60D16}
		{35B58EBC-DDE9-4E55-AA38-9552310EE5D0} = {645B92B7-E323-41A3-AC10-9714D6072D11}
	EndGlobalSection
	GlobalSection(ExtensibilityGlobals) = postSolution
		SolutionGuid = {10C6526A-E900-490B-B20C-7BDBB654E07C}
	EndGlobalSection
EndGlobal
